
Microsoft Visual Studio Solution File, Format Version 11.00
# Visual Studio 2010
Project("{8BC9CEB8-8B4A-11D0-8D11-00A0C91BC942}") = "tester", "tester.vcxproj", "{356F2703-DFEA-4D81-A1C4-7160681AEF04}"
EndProject
Global
	GlobalSection(SolutionConfigurationPlatforms) = preSolution
		Debug|Win32 = Debug|Win32
		Debug|x64 = Debug|x64
		Release|Win32 = Release|Win32
		Release|x64 = Release|x64
	EndGlobalSection
	GlobalSection(ProjectConfigurationPlatforms) = postSolution
		{356F2703-DFEA-4D81-A1C4-7160681AEF04}.Debug|Win32.ActiveCfg = Debug|Win32
		{356F2703-DFEA-4D81-A1C4-7160681AEF04}.Debug|Win32.Build.0 = Debug|Win32
		{356F2703-DFEA-4D81-A1C4-7160681AEF04}.Debug|x64.ActiveCfg = Debug|x64
		{356F2703-DFEA-4D81-A1C4-7160681AEF04}.Debug|x64.Build.0 = Debug|x64
		{356F2703-DFEA-4D81-A1C4-7160681AEF04}.Release|Win32.ActiveCfg = Release|Win32
		{356F2703-DFEA-4D81-A1C4-7160681AEF04}.Release|Win32.Build.0 = Release|Win32
		{356F2703-DFEA-4D81-A1C4-7160681AEF04}.Release|x64.ActiveCfg = Release|x64
		{356F2703-DFEA-4D81-A1C4-7160681AEF04}.Release|x64.Build.0 = Release|x64
	EndGlobalSection
	GlobalSection(SolutionProperties) = preSolution
		HideSolutionNode = FALSE
	EndGlobalSection
EndGlobal
